// !$*UTF8*$!
{
	archiveVersion = 1;
	classes = {
	};
	objectVersion = 56;
	objects = {

/* Begin PBXBuildFile section */
		133A28DC28FE8935002F6074 /* AppDelegate.swift in Sources */ = {isa = PBXBuildFile; fileRef = 133A28DB28FE8935002F6074 /* AppDelegate.swift */; };
		133A28DE28FE8935002F6074 /* SceneDelegate.swift in Sources */ = {isa = PBXBuildFile; fileRef = 133A28DD28FE8935002F6074 /* SceneDelegate.swift */; };
		133A28E028FE8935002F6074 /* ViewController.swift in Sources */ = {isa = PBXBuildFile; fileRef = 133A28DF28FE8935002F6074 /* ViewController.swift */; };
		133A28E328FE8935002F6074 /* Main.storyboard in Resources */ = {isa = PBXBuildFile; fileRef = 133A28E128FE8935002F6074 /* Main.storyboard */; };
		133A28E528FE8938002F6074 /* Assets.xcassets in Resources */ = {isa = PBXBuildFile; fileRef = 133A28E428FE8938002F6074 /* Assets.xcassets */; };
		133A28E828FE8938002F6074 /* LaunchScreen.storyboard in Resources */ = {isa = PBXBuildFile; fileRef = 133A28E628FE8938002F6074 /* LaunchScreen.storyboard */; };
		133A28F028FE8A0E002F6074 /* GridCollectionViewCell.swift in Sources */ = {isa = PBXBuildFile; fileRef = 133A28EF28FE8A0E002F6074 /* GridCollectionViewCell.swift */; };
		13AA94BD290BAB2500043A24 /* GameCompletedViewController.swift in Sources */ = {isa = PBXBuildFile; fileRef = 13AA94BC290BAB2500043A24 /* GameCompletedViewController.swift */; };
		13B2451B29000EBE0089C667 /* GameOverViewController.swift in Sources */ = {isa = PBXBuildFile; fileRef = 13B2451A29000EBE0089C667 /* GameOverViewController.swift */; };
/* End PBXBuildFile section */

/* Begin PBXFileReference section */
		133A28D828FE8935002F6074 /* Minesweeper2.0.app */ = {isa = PBXFileReference; explicitFileType = wrapper.application; includeInIndex = 0; path = Minesweeper2.0.app; sourceTree = BUILT_PRODUCTS_DIR; };
		133A28DB28FE8935002F6074 /* AppDelegate.swift */ = {isa = PBXFileReference; lastKnownFileType = sourcecode.swift; path = AppDelegate.swift; sourceTree = "<group>"; };
		133A28DD28FE8935002F6074 /* SceneDelegate.swift */ = {isa = PBXFileReference; lastKnownFileType = sourcecode.swift; path = SceneDelegate.swift; sourceTree = "<group>"; };
		133A28DF28FE8935002F6074 /* ViewController.swift */ = {isa = PBXFileReference; lastKnownFileType = sourcecode.swift; path = ViewController.swift; sourceTree = "<group>"; };
		133A28E228FE8935002F6074 /* Base */ = {isa = PBXFileReference; lastKnownFileType = file.storyboard; name = Base; path = Base.lproj/Main.storyboard; sourceTree = "<group>"; };
		133A28E428FE8938002F6074 /* Assets.xcassets */ = {isa = PBXFileReference; lastKnownFileType = folder.assetcatalog; path = Assets.xcassets; sourceTree = "<group>"; };
		133A28E728FE8938002F6074 /* Base */ = {isa = PBXFileReference; lastKnownFileType = file.storyboard; name = Base; path = Base.lproj/LaunchScreen.storyboard; sourceTree = "<group>"; };
		133A28E928FE8938002F6074 /* Info.plist */ = {isa = PBXFileReference; lastKnownFileType = text.plist.xml; path = Info.plist; sourceTree = "<group>"; };
		133A28EF28FE8A0E002F6074 /* GridCollectionViewCell.swift */ = {isa = PBXFileReference; lastKnownFileType = sourcecode.swift; path = GridCollectionViewCell.swift; sourceTree = "<group>"; };
		13AA94BC290BAB2500043A24 /* GameCompletedViewController.swift */ = {isa = PBXFileReference; lastKnownFileType = sourcecode.swift; path = GameCompletedViewController.swift; sourceTree = "<group>"; };
		13B2451A29000EBE0089C667 /* GameOverViewController.swift */ = {isa = PBXFileReference; lastKnownFileType = sourcecode.swift; path = GameOverViewController.swift; sourceTree = "<group>"; };
/* End PBXFileReference section */

/* Begin PBXFrameworksBuildPhase section */
		133A28D528FE8935002F6074 /* Frameworks */ = {
			isa = PBXFrameworksBuildPhase;
			buildActionMask = 2147483647;
			files = (
			);
			runOnlyForDeploymentPostprocessing = 0;
		};
/* End PBXFrameworksBuildPhase section */

/* Begin PBXGroup section */
		133A28CF28FE8935002F6074 = {
			isa = PBXGroup;
			children = (
				133A28DA28FE8935002F6074 /* Minesweeper2.0 */,
				133A28D928FE8935002F6074 /* Products */,
			);
			sourceTree = "<group>";
		};
		133A28D928FE8935002F6074 /* Products */ = {
			isa = PBXGroup;
			children = (
				133A28D828FE8935002F6074 /* Minesweeper2.0.app */,
			);
			name = Products;
			sourceTree = "<group>";
		};
		133A28DA28FE8935002F6074 /* Minesweeper2.0 */ = {
			isa = PBXGroup;
			children = (
				133A28DB28FE8935002F6074 /* AppDelegate.swift */,
				133A28DD28FE8935002F6074 /* SceneDelegate.swift */,
				133A28DF28FE8935002F6074 /* ViewController.swift */,
				13B2451A29000EBE0089C667 /* GameOverViewController.swift */,
				13AA94BC290BAB2500043A24 /* GameCompletedViewController.swift */,
				133A28EF28FE8A0E002F6074 /* GridCollectionViewCell.swift */,
				133A28E128FE8935002F6074 /* Main.storyboard */,
				133A28E428FE8938002F6074 /* Assets.xcassets */,
				133A28E628FE8938002F6074 /* LaunchScreen.storyboard */,
				133A28E928FE8938002F6074 /* Info.plist */,
			);
			path = Minesweeper2.0;
			sourceTree = "<group>";
		};
/* End PBXGroup section */

/* Begin PBXNativeTarget section */
		133A28D728FE8935002F6074 /* Minesweeper2.0 */ = {
			isa = PBXNativeTarget;
			buildConfigurationList = 133A28EC28FE8938002F6074 /* Build configuration list for PBXNativeTarget "Minesweeper2.0" */;
			buildPhases = (
				133A28D428FE8935002F6074 /* Sources */,
				133A28D528FE8935002F6074 /* Frameworks */,
				133A28D628FE8935002F6074 /* Resources */,
			);
			buildRules = (
			);
			dependencies = (
			);
			name = Minesweeper2.0;
			productName = Minesweeper2.0;
			productReference = 133A28D828FE8935002F6074 /* Minesweeper2.0.app */;
			productType = "com.apple.product-type.application";
		};
/* End PBXNativeTarget section */

/* Begin PBXProject section */
		133A28D028FE8935002F6074 /* Project object */ = {
			isa = PBXProject;
			attributes = {
				BuildIndependentTargetsInParallel = 1;
				LastSwiftUpdateCheck = 1400;
				LastUpgradeCheck = 1400;
				TargetAttributes = {
					133A28D728FE8935002F6074 = {
						CreatedOnToolsVersion = 14.0.1;
					};
				};
			};
			buildConfigurationList = 133A28D328FE8935002F6074 /* Build configuration list for PBXProject "Minesweeper2.0" */;
			compatibilityVersion = "Xcode 14.0";
			developmentRegion = en;
			hasScannedForEncodings = 0;
			knownRegions = (
				en,
				Base,
			);
			mainGroup = 133A28CF28FE8935002F6074;
			productRefGroup = 133A28D928FE8935002F6074 /* Products */;
			projectDirPath = "";
			projectRoot = "";
			targets = (
				133A28D728FE8935002F6074 /* Minesweeper2.0 */,
			);
		};
/* End PBXProject section */

/* Begin PBXResourcesBuildPhase section */
		133A28D628FE8935002F6074 /* Resources */ = {
			isa = PBXResourcesBuildPhase;
			buildActionMask = 2147483647;
			files = (
				133A28E828FE8938002F6074 /* LaunchScreen.storyboard in Resources */,
				133A28E528FE8938002F6074 /* Assets.xcassets in Resources */,
				133A28E328FE8935002F6074 /* Main.storyboard in Resources */,
			);
			runOnlyForDeploymentPostprocessing = 0;
		};
/* End PBXResourcesBuildPhase section */

/* Begin PBXSourcesBuildPhase section */
		133A28D428FE8935002F6074 /* Sources */ = {
			isa = PBXSourcesBuildPhase;
			buildActionMask = 2147483647;
			files = (
				133A28F028FE8A0E002F6074 /* GridCollectionViewCell.swift in Sources */,
				133A28E028FE8935002F6074 /* ViewController.swift in Sources */,
				133A28DC28FE8935002F6074 /* AppDelegate.swift in Sources */,
				133A28DE28FE8935002F6074 /* SceneDelegate.swift in Sources */,
				13AA94BD290BAB2500043A24 /* GameCompletedViewController.swift in Sources */,
				13B2451B29000EBE0089C667 /* GameOverViewController.swift in Sources */,
			);
			runOnlyForDeploymentPostprocessing = 0;
		};
/* End PBXSourcesBuildPhase section */

/* Begin PBXVariantGroup section */
		133A28E128FE8935002F6074 /* Main.storyboard */ = {
			isa = PBXVariantGroup;
			children = (
				133A28E228FE8935002F6074 /* Base */,
			);
			name = Main.storyboard;
			sourceTree = "<group>";
		};
		133A28E628FE8938002F6074 /* LaunchScreen.storyboard */ = {
			isa = PBXVariantGroup;
			children = (
				133A28E728FE8938002F6074 /* Base */,
			);
			name = LaunchScreen.storyboard;
			sourceTree = "<group>";
		};
/* End PBXVariantGroup section */

/* Begin XCBuildConfiguration section */
		133A28EA28FE8938002F6074 /* Debug */ = {
			isa = XCBuildConfiguration;
			buildSettings = {
				ALWAYS_SEARCH_USER_PATHS = NO;
				CLANG_ANALYZER_NONNULL = YES;
				CLANG_ANALYZER_NUMBER_OBJECT_CONVERSION = YES_AGGRESSIVE;
				CLANG_CXX_LANGUAGE_STANDARD = "gnu++20";
				CLANG_ENABLE_MODULES = YES;
				CLANG_ENABLE_OBJC_ARC = YES;
				CLANG_ENABLE_OBJC_WEAK = YES;
				CLANG_WARN_BLOCK_CAPTURE_AUTORELEASING = YES;
				CLANG_WARN_BOOL_CONVERSION = YES;
				CLANG_WARN_COMMA = YES;
				CLANG_WARN_CONSTANT_CONVERSION = YES;
				CLANG_WARN_DEPRECATED_OBJC_IMPLEMENTATIONS = YES;
				CLANG_WARN_DIRECT_OBJC_ISA_USAGE = YES_ERROR;
				CLANG_WARN_DOCUMENTATION_COMMENTS = YES;
				CLANG_WARN_EMPTY_BODY = YES;
				CLANG_WARN_ENUM_CONVERSION = YES;
				CLANG_WARN_INFINITE_RECURSION = YES;
				CLANG_WARN_INT_CONVERSION = YES;
				CLANG_WARN_NON_LITERAL_NULL_CONVERSION = YES;
				CLANG_WARN_OBJC_IMPLICIT_RETAIN_SELF = YES;
				CLANG_WARN_OBJC_LITERAL_CONVERSION = YES;
				CLANG_WARN_OBJC_ROOT_CLASS = YES_ERROR;
				CLANG_WARN_QUOTED_INCLUDE_IN_FRAMEWORK_HEADER = YES;
				CLANG_WARN_RANGE_LOOP_ANALYSIS = YES;
				CLANG_WARN_STRICT_PROTOTYPES = YES;
				CLANG_WARN_SUSPICIOUS_MOVE = YES;
				CLANG_WARN_UNGUARDED_AVAILABILITY = YES_AGGRESSIVE;
				CLANG_WARN_UNREACHABLE_CODE = YES;
				CLANG_WARN__DUPLICATE_METHOD_MATCH = YES;
				COPY_PHASE_STRIP = NO;
				DEBUG_INFORMATION_FORMAT = dwarf;
				ENABLE_STRICT_OBJC_MSGSEND = YES;
				ENABLE_TESTABILITY = YES;
				GCC_C_LANGUAGE_STANDARD = gnu11;
				GCC_DYNAMIC_NO_PIC = NO;
				GCC_NO_COMMON_BLOCKS = YES;
				GCC_OPTIMIZATION_LEVEL = 0;
				GCC_PREPROCESSOR_DEFINITIONS = (
					"DEBUG=1",
					"$(inherited)",
				);
				GCC_WARN_64_TO_32_BIT_CONVERSION = YES;
				GCC_WARN_ABOUT_RETURN_TYPE = YES_ERROR;
				GCC_WARN_UNDECLARED_SELECTOR = YES;
				GCC_WARN_UNINITIALIZED_AUTOS = YES_AGGRESSIVE;
				GCC_WARN_UNUSED_FUNCTION = YES;
				GCC_WARN_UNUSED_VARIABLE = YES;
				IPHONEOS_DEPLOYMENT_TARGET = 16.0;
				MTL_ENABLE_DEBUG_INFO = INCLUDE_SOURCE;
				MTL_FAST_MATH = YES;
				ONLY_ACTIVE_ARCH = YES;
				SDKROOT = iphoneos;
				SWIFT_ACTIVE_COMPILATION_CONDITIONS = DEBUG;
				SWIFT_OPTIMIZATION_LEVEL = "-Onone";
			};
			name = Debug;
		};
		133A28EB28FE8938002F6074 /* Release */ = {
			isa = XCBuildConfiguration;
			buildSettings = {
				ALWAYS_SEARCH_USER_PATHS = NO;
				CLANG_ANALYZER_NONNULL = YES;
				CLANG_ANALYZER_NUMBER_OBJECT_CONVERSION = YES_AGGRESSIVE;
				CLANG_CXX_LANGUAGE_STANDARD = "gnu++20";
				CLANG_ENABLE_MODULES = YES;
				CLANG_ENABLE_OBJC_ARC = YES;
				CLANG_ENABLE_OBJC_WEAK = YES;
				CLANG_WARN_BLOCK_CAPTURE_AUTORELEASING = YES;
				CLANG_WARN_BOOL_CONVERSION = YES;
				CLANG_WARN_COMMA = YES;
				CLANG_WARN_CONSTANT_CONVERSION = YES;
				CLANG_WARN_DEPRECATED_OBJC_IMPLEMENTATIONS = YES;
				CLANG_WARN_DIRECT_OBJC_ISA_USAGE = YES_ERROR;
				CLANG_WARN_DOCUMENTATION_COMMENTS = YES;
				CLANG_WARN_EMPTY_BODY = YES;
				CLANG_WARN_ENUM_CONVERSION = YES;
				CLANG_WARN_INFINITE_RECURSION = YES;
				CLANG_WARN_INT_CONVERSION = YES;
				CLANG_WARN_NON_LITERAL_NULL_CONVERSION = YES;
				CLANG_WARN_OBJC_IMPLICIT_RETAIN_SELF = YES;
				CLANG_WARN_OBJC_LITERAL_CONVERSION = YES;
				CLANG_WARN_OBJC_ROOT_CLASS = YES_ERROR;
				CLANG_WARN_QUOTED_INCLUDE_IN_FRAMEWORK_HEADER = YES;
				CLANG_WARN_RANGE_LOOP_ANALYSIS = YES;
				CLANG_WARN_STRICT_PROTOTYPES = YES;
				CLANG_WARN_SUSPICIOUS_MOVE = YES;
				CLANG_WARN_UNGUARDED_AVAILABILITY = YES_AGGRESSIVE;
				CLANG_WARN_UNREACHABLE_CODE = YES;
				CLANG_WARN__DUPLICATE_METHOD_MATCH = YES;
				COPY_PHASE_STRIP = NO;
				DEBUG_INFORMATION_FORMAT = "dwarf-with-dsym";
				ENABLE_NS_ASSERTIONS = NO;
				ENABLE_STRICT_OBJC_MSGSEND = YES;
				GCC_C_LANGUAGE_STANDARD = gnu11;
				GCC_NO_COMMON_BLOCKS = YES;
				GCC_WARN_64_TO_32_BIT_CONVERSION = YES;
				GCC_WARN_ABOUT_RETURN_TYPE = YES_ERROR;
				GCC_WARN_UNDECLARED_SELECTOR = YES;
				GCC_WARN_UNINITIALIZED_AUTOS = YES_AGGRESSIVE;
				GCC_WARN_UNUSED_FUNCTION = YES;
				GCC_WARN_UNUSED_VARIABLE = YES;
				IPHONEOS_DEPLOYMENT_TARGET = 16.0;
				MTL_ENABLE_DEBUG_INFO = NO;
				MTL_FAST_MATH = YES;
				SDKROOT = iphoneos;
				SWIFT_COMPILATION_MODE = wholemodule;
				SWIFT_OPTIMIZATION_LEVEL = "-O";
				VALIDATE_PRODUCT = YES;
			};
			name = Release;
		};
		133A28ED28FE8938002F6074 /* Debug */ = {
			isa = XCBuildConfiguration;
			buildSettings = {
				ASSETCATALOG_COMPILER_APPICON_NAME = AppIcon;
				ASSETCATALOG_COMPILER_GLOBAL_ACCENT_COLOR_NAME = AccentColor;
				CODE_SIGN_STYLE = Automatic;
				CURRENT_PROJECT_VERSION = 1;
				GENERATE_INFOPLIST_FILE = YES;
				INFOPLIST_FILE = Minesweeper2.0/Info.plist;
				INFOPLIST_KEY_UIApplicationSupportsIndirectInputEvents = YES;
				INFOPLIST_KEY_UILaunchStoryboardName = LaunchScreen;
				INFOPLIST_KEY_UIMainStoryboardFile = Main;
				INFOPLIST_KEY_UISupportedInterfaceOrientations_iPad = "UIInterfaceOrientationPortrait UIInterfaceOrientationPortraitUpsideDown UIInterfaceOrientationLandscapeLeft UIInterfaceOrientationLandscapeRight";
				INFOPLIST_KEY_UISupportedInterfaceOrientations_iPhone = "UIInterfaceOrientationPortrait UIInterfaceOrientationLandscapeLeft UIInterfaceOrientationLandscapeRight";
				LD_RUNPATH_SEARCH_PATHS = (
					"$(inherited)",
					"@executable_path/Frameworks",
				);
				MARKETING_VERSION = 1.0;
				PRODUCT_BUNDLE_IDENTIFIER = "com.venkat.Minesweeper2-0";
				PRODUCT_NAME = "$(TARGET_NAME)";
				SWIFT_EMIT_LOC_STRINGS = YES;
				SWIFT_VERSION = 5.0;
				TARGETED_DEVICE_FAMILY = "1,2";
			};
			name = Debug;
		};
		133A28EE28FE8938002F6074 /* Release */ = {
			isa = XCBuildConfiguration;
			buildSettings = {
				ASSETCATALOG_COMPILER_APPICON_NAME = AppIcon;
				ASSETCATALOG_COMPILER_GLOBAL_ACCENT_COLOR_NAME = AccentColor;
				CODE_SIGN_STYLE = Automatic;
				CURRENT_PROJECT_VERSION = 1;
				GENERATE_INFOPLIST_FILE = YES;
				INFOPLIST_FILE = Minesweeper2.0/Info.plist;
				INFOPLIST_KEY_UIApplicationSupportsIndirectInputEvents = YES;
				INFOPLIST_KEY_UILaunchStoryboardName = LaunchScreen;
				INFOPLIST_KEY_UIMainStoryboardFile = Main;
				INFOPLIST_KEY_UISupportedInterfaceOrientations_iPad = "UIInterfaceOrientationPortrait UIInterfaceOrientationPortraitUpsideDown UIInterfaceOrientationLandscapeLeft UIInterfaceOrientationLandscapeRight";
				INFOPLIST_KEY_UISupportedInterfaceOrientations_iPhone = "UIInterfaceOrientationPortrait UIInterfaceOrientationLandscapeLeft UIInterfaceOrientationLandscapeRight";
				LD_RUNPATH_SEARCH_PATHS = (
					"$(inherited)",
					"@executable_path/Frameworks",
				);
				MARKETING_VERSION = 1.0;
				PRODUCT_BUNDLE_IDENTIFIER = "com.venkat.Minesweeper2-0";
				PRODUCT_NAME = "$(TARGET_NAME)";
				SWIFT_EMIT_LOC_STRINGS = YES;
				SWIFT_VERSION = 5.0;
				TARGETED_DEVICE_FAMILY = "1,2";
			};
			name = Release;
		};
/* End XCBuildConfiguration section */

/* Begin XCConfigurationList section */
		133A28D328FE8935002F6074 /* Build configuration list for PBXProject "Minesweeper2.0" */ = {
			isa = XCConfigurationList;
			buildConfigurations = (
				133A28EA28FE8938002F6074 /* Debug */,
				133A28EB28FE8938002F6074 /* Release */,
			);
			defaultConfigurationIsVisible = 0;
			defaultConfigurationName = Release;
		};
		133A28EC28FE8938002F6074 /* Build configuration list for PBXNativeTarget "Minesweeper2.0" */ = {
			isa = XCConfigurationList;
			buildConfigurations = (
				133A28ED28FE8938002F6074 /* Debug */,
				133A28EE28FE8938002F6074 /* Release */,
			);
			defaultConfigurationIsVisible = 0;
			defaultConfigurationName = Release;
		};
/* End XCConfigurationList section */
	};
	rootObject = 133A28D028FE8935002F6074 /* Project object */;
}
